
Microsoft Visual Studio Solution File, Format Version 12.00
# Visual Studio Version 16
VisualStudioVersion = 16.0.29905.134
MinimumVisualStudioVersion = 10.0.40219.1
Project("{2150E333-8FDC-42A3-9474-1A3956D46DE8}") = "Examples", "Examples", "{1A806CDE-7025-4689-855B-CFEF3F1DBB21}"
EndProject
Project("{9A19103F-16F7-4668-BE54-9A1E7A4F7556}") = "RPC", "src\RPC\RPC.csproj", "{50C7D8FA-AF9A-4AA5-9FD3-5FA90FD305F0}"
EndProject
Project("{9A19103F-16F7-4668-BE54-9A1E7A4F7556}") = "ClientExample", "sample\ClientService\ClientExample.csproj", "{DD7BA997-2103-443F-8FF2-E1272AE090EA}"
EndProject
Project("{9A19103F-16F7-4668-BE54-9A1E7A4F7556}") = "HelperLibrary", "sample\HelperLibrary\HelperLibrary.csproj", "{9C29C966-BE8A-4AA7-8509-1C5B199F76CB}"
EndProject
Project("{9A19103F-16F7-4668-BE54-9A1E7A4F7556}") = "ServiceExample", "sample\ServiceExample\ServiceExample.csproj", "{3249FF4F-41F8-4AC2-9F39-F6E9B50288FB}"
EndProject
Project("{2150E333-8FDC-42A3-9474-1A3956D46DE8}") = "Tests", "Tests", "{5B2D6F5C-2615-4605-AAD4-E7E3D80CC74F}"
EndProject
Project("{9A19103F-16F7-4668-BE54-9A1E7A4F7556}") = "RPCTests", "tests\RPCTests\RPCTests.csproj", "{D5E7C4D9-AC25-42C2-A26D-DE5763C23B77}"
EndProject
Global
	GlobalSection(SolutionConfigurationPlatforms) = preSolution
		Debug|Any CPU = Debug|Any CPU
		Debug|x64 = Debug|x64
		Release|Any CPU = Release|Any CPU
		Release|x64 = Release|x64
	EndGlobalSection
	GlobalSection(ProjectConfigurationPlatforms) = postSolution
		{50C7D8FA-AF9A-4AA5-9FD3-5FA90FD305F0}.Debug|Any CPU.ActiveCfg = Debug|Any CPU
		{50C7D8FA-AF9A-4AA5-9FD3-5FA90FD305F0}.Debug|Any CPU.Build.0 = Debug|Any CPU
		{50C7D8FA-AF9A-4AA5-9FD3-5FA90FD305F0}.Debug|x64.ActiveCfg = Debug|Any CPU
		{50C7D8FA-AF9A-4AA5-9FD3-5FA90FD305F0}.Debug|x64.Build.0 = Debug|Any CPU
		{50C7D8FA-AF9A-4AA5-9FD3-5FA90FD305F0}.Release|Any CPU.ActiveCfg = Release|Any CPU
		{50C7D8FA-AF9A-4AA5-9FD3-5FA90FD305F0}.Release|Any CPU.Build.0 = Release|Any CPU
		{50C7D8FA-AF9A-4AA5-9FD3-5FA90FD305F0}.Release|x64.ActiveCfg = Release|Any CPU
		{50C7D8FA-AF9A-4AA5-9FD3-5FA90FD305F0}.Release|x64.Build.0 = Release|Any CPU
		{DD7BA997-2103-443F-8FF2-E1272AE090EA}.Debug|Any CPU.ActiveCfg = Debug|x64
		{DD7BA997-2103-443F-8FF2-E1272AE090EA}.Debug|Any CPU.Build.0 = Debug|x64
		{DD7BA997-2103-443F-8FF2-E1272AE090EA}.Debug|x64.ActiveCfg = Debug|x64
		{DD7BA997-2103-443F-8FF2-E1272AE090EA}.Debug|x64.Build.0 = Debug|x64
		{DD7BA997-2103-443F-8FF2-E1272AE090EA}.Release|Any CPU.ActiveCfg = Release|x64
		{DD7BA997-2103-443F-8FF2-E1272AE090EA}.Release|Any CPU.Build.0 = Release|x64
		{DD7BA997-2103-443F-8FF2-E1272AE090EA}.Release|x64.ActiveCfg = Release|x64
		{DD7BA997-2103-443F-8FF2-E1272AE090EA}.Release|x64.Build.0 = Release|x64
		{9C29C966-BE8A-4AA7-8509-1C5B199F76CB}.Debug|Any CPU.ActiveCfg = Debug|x64
		{9C29C966-BE8A-4AA7-8509-1C5B199F76CB}.Debug|Any CPU.Build.0 = Debug|x64
		{9C29C966-BE8A-4AA7-8509-1C5B199F76CB}.Debug|x64.ActiveCfg = Debug|x64
		{9C29C966-BE8A-4AA7-8509-1C5B199F76CB}.Debug|x64.Build.0 = Debug|x64
		{9C29C966-BE8A-4AA7-8509-1C5B199F76CB}.Release|Any CPU.ActiveCfg = Release|x64
		{9C29C966-BE8A-4AA7-8509-1C5B199F76CB}.Release|Any CPU.Build.0 = Release|x64
		{9C29C966-BE8A-4AA7-8509-1C5B199F76CB}.Release|x64.ActiveCfg = Release|x64
		{9C29C966-BE8A-4AA7-8509-1C5B199F76CB}.Release|x64.Build.0 = Release|x64
		{3249FF4F-41F8-4AC2-9F39-F6E9B50288FB}.Debug|Any CPU.ActiveCfg = Debug|x64
		{3249FF4F-41F8-4AC2-9F39-F6E9B50288FB}.Debug|Any CPU.Build.0 = Debug|x64
		{3249FF4F-41F8-4AC2-9F39-F6E9B50288FB}.Debug|x64.ActiveCfg = Debug|x64
		{3249FF4F-41F8-4AC2-9F39-F6E9B50288FB}.Debug|x64.Build.0 = Debug|x64
		{3249FF4F-41F8-4AC2-9F39-F6E9B50288FB}.Release|Any CPU.ActiveCfg = Release|x64
		{3249FF4F-41F8-4AC2-9F39-F6E9B50288FB}.Release|Any CPU.Build.0 = Release|x64
		{3249FF4F-41F8-4AC2-9F39-F6E9B50288FB}.Release|x64.ActiveCfg = Release|x64
		{3249FF4F-41F8-4AC2-9F39-F6E9B50288FB}.Release|x64.Build.0 = Release|x64
		{D5E7C4D9-AC25-42C2-A26D-DE5763C23B77}.Debug|Any CPU.ActiveCfg = Debug|Any CPU
		{D5E7C4D9-AC25-42C2-A26D-DE5763C23B77}.Debug|Any CPU.Build.0 = Debug|Any CPU
		{D5E7C4D9-AC25-42C2-A26D-DE5763C23B77}.Debug|x64.ActiveCfg = Debug|Any CPU
		{D5E7C4D9-AC25-42C2-A26D-DE5763C23B77}.Debug|x64.Build.0 = Debug|Any CPU
		{D5E7C4D9-AC25-42C2-A26D-DE5763C23B77}.Release|Any CPU.ActiveCfg = Release|Any CPU
		{D5E7C4D9-AC25-42C2-A26D-DE5763C23B77}.Release|Any CPU.Build.0 = Release|Any CPU
		{D5E7C4D9-AC25-42C2-A26D-DE5763C23B77}.Release|x64.ActiveCfg = Release|Any CPU
		{D5E7C4D9-AC25-42C2-A26D-DE5763C23B77}.Release|x64.Build.0 = Release|Any CPU
	EndGlobalSection
	GlobalSection(SolutionProperties) = preSolution
		HideSolutionNode = FALSE
	EndGlobalSection
	GlobalSection(NestedProjects) = preSolution
		{DD7BA997-2103-443F-8FF2-E1272AE090EA} = {1A806CDE-7025-4689-855B-CFEF3F1DBB21}
		{9C29C966-BE8A-4AA7-8509-1C5B199F76CB} = {1A806CDE-7025-4689-855B-CFEF3F1DBB21}
		{3249FF4F-41F8-4AC2-9F39-F6E9B50288FB} = {1A806CDE-7025-4689-855B-CFEF3F1DBB21}
		{D5E7C4D9-AC25-42C2-A26D-DE5763C23B77} = {5B2D6F5C-2615-4605-AAD4-E7E3D80CC74F}
	EndGlobalSection
	GlobalSection(ExtensibilityGlobals) = postSolution
		SolutionGuid = {39580BEB-DD63-4237-A736-50A973EB0FAF}
	EndGlobalSection
EndGlobal
